
Microsoft Visual Studio Solution File, Format Version 12.00
# Visual Studio 15
VisualStudioVersion = 15.0.27004.2008
MinimumVisualStudioVersion = 10.0.40219.1
Project("{FAE04EC0-301F-11D3-BF4B-00C04F79EFBC}") = "TaskManager", "TaskManager.csproj", "{6B0E980E-974F-4182-9115-A12CF17F099C}"
EndProject
Global
	GlobalSection(SolutionConfigurationPlatforms) = preSolution
		Debug|Any CPU = Debug|Any CPU
		Debug|x64 = Debug|x64
		Release|Any CPU = Release|Any CPU
		Release|x64 = Release|x64
	EndGlobalSection
	GlobalSection(ProjectConfigurationPlatforms) = postSolution
		{6B0E980E-974F-4182-9115-A12CF17F099C}.Debug|Any CPU.ActiveCfg = Debug|Any CPU
		{6B0E980E-974F-4182-9115-A12CF17F099C}.Debug|Any CPU.Build.0 = Debug|Any CPU
		{6B0E980E-974F-4182-9115-A12CF17F099C}.Debug|x64.ActiveCfg = Debug|x64
		{6B0E980E-974F-4182-9115-A12CF17F099C}.Debug|x64.Build.0 = Debug|x64
		{6B0E980E-974F-4182-9115-A12CF17F099C}.Release|Any CPU.ActiveCfg = Release|Any CPU
		{6B0E980E-974F-4182-9115-A12CF17F099C}.Release|Any CPU.Build.0 = Release|Any CPU
		{6B0E980E-974F-4182-9115-A12CF17F099C}.Release|x64.ActiveCfg = Release|x64
		{6B0E980E-974F-4182-9115-A12CF17F099C}.Release|x64.Build.0 = Release|x64
	EndGlobalSection
	GlobalSection(SolutionProperties) = preSolution
		HideSolutionNode = FALSE
	EndGlobalSection
	GlobalSection(ExtensibilityGlobals) = postSolution
		SolutionGuid = {6D0ED6B0-13A2-43E0-A21C-89FEDA6B642B}
	EndGlobalSection
EndGlobal
